
Microsoft Visual Studio Solution File, Format Version 12.00
# Visual Studio 14
VisualStudioVersion = 14.0.24720.0
MinimumVisualStudioVersion = 10.0.40219.1
Project("{FAE04EC0-301F-11D3-BF4B-00C04F79EFBC}") = "SharpDisplayManager", "Server\SharpDisplayManager.csproj", "{1DA8C1B3-18C5-4E74-BE4E-0B0E15FBAF49}"
EndProject
Project("{8BC9CEB8-8B4A-11D0-8D11-00A0C91BC942}") = "PowerManager", "PowerManager\PowerManager.vcxproj", "{C174F23D-3055-49BC-B6B0-563011AF624D}"
EndProject
Project("{54435603-DBB4-11D2-8724-00A0C9A8B90C}") = "Setup", "Setup\Setup.vdproj", "{22C920A9-2352-4DC9-91E2-035EBD712866}"
EndProject
Project("{FAE04EC0-301F-11D3-BF4B-00C04F79EFBC}") = "SharpDisplayClientIdle", "Clients\Idle\SharpDisplayClientIdle.csproj", "{A76579E5-AA8D-45A3-99E1-239A5C030A78}"
EndProject
Project("{FAE04EC0-301F-11D3-BF4B-00C04F79EFBC}") = "SharpDisplayClientTest", "Clients\Test\SharpDisplayClientTest.csproj", "{7EE64074-8CDB-4448-B40C-81B75D6B31CD}"
EndProject
Project("{FAE04EC0-301F-11D3-BF4B-00C04F79EFBC}") = "SharpLibUtils", "SharpLibUtils\SharpLibUtils.csproj", "{AE897704-461D-4018-8336-2517988BF7AD}"
EndProject
Project("{FAE04EC0-301F-11D3-BF4B-00C04F79EFBC}") = "SharpLibEar", "SharpLibEar\SharpLibEar.csproj", "{84A9ED37-E6EA-4CBD-B995-B713F46EAAB0}"
EndProject
Global
	GlobalSection(SolutionConfigurationPlatforms) = preSolution
		Debug|Any CPU = Debug|Any CPU
		Debug|x64 = Debug|x64
		Debug|x86 = Debug|x86
		Release|Any CPU = Release|Any CPU
		Release|x64 = Release|x64
		Release|x86 = Release|x86
	EndGlobalSection
	GlobalSection(ProjectConfigurationPlatforms) = postSolution
		{1DA8C1B3-18C5-4E74-BE4E-0B0E15FBAF49}.Debug|Any CPU.ActiveCfg = Debug|Any CPU
		{1DA8C1B3-18C5-4E74-BE4E-0B0E15FBAF49}.Debug|Any CPU.Build.0 = Debug|Any CPU
		{1DA8C1B3-18C5-4E74-BE4E-0B0E15FBAF49}.Debug|x64.ActiveCfg = Debug|Any CPU
		{1DA8C1B3-18C5-4E74-BE4E-0B0E15FBAF49}.Debug|x64.Build.0 = Debug|Any CPU
		{1DA8C1B3-18C5-4E74-BE4E-0B0E15FBAF49}.Debug|x86.ActiveCfg = Debug|x86
		{1DA8C1B3-18C5-4E74-BE4E-0B0E15FBAF49}.Debug|x86.Build.0 = Debug|x86
		{1DA8C1B3-18C5-4E74-BE4E-0B0E15FBAF49}.Release|Any CPU.ActiveCfg = Release|Any CPU
		{1DA8C1B3-18C5-4E74-BE4E-0B0E15FBAF49}.Release|Any CPU.Build.0 = Release|Any CPU
		{1DA8C1B3-18C5-4E74-BE4E-0B0E15FBAF49}.Release|x64.ActiveCfg = Release|Any CPU
		{1DA8C1B3-18C5-4E74-BE4E-0B0E15FBAF49}.Release|x64.Build.0 = Release|Any CPU
		{1DA8C1B3-18C5-4E74-BE4E-0B0E15FBAF49}.Release|x86.ActiveCfg = Release|x86
		{1DA8C1B3-18C5-4E74-BE4E-0B0E15FBAF49}.Release|x86.Build.0 = Release|x86
		{C174F23D-3055-49BC-B6B0-563011AF624D}.Debug|Any CPU.ActiveCfg = Debug|Win32
		{C174F23D-3055-49BC-B6B0-563011AF624D}.Debug|x64.ActiveCfg = Debug|x64
		{C174F23D-3055-49BC-B6B0-563011AF624D}.Debug|x64.Build.0 = Debug|x64
		{C174F23D-3055-49BC-B6B0-563011AF624D}.Debug|x86.ActiveCfg = Debug|Win32
		{C174F23D-3055-49BC-B6B0-563011AF624D}.Debug|x86.Build.0 = Debug|Win32
		{C174F23D-3055-49BC-B6B0-563011AF624D}.Release|Any CPU.ActiveCfg = Release|Win32
		{C174F23D-3055-49BC-B6B0-563011AF624D}.Release|x64.ActiveCfg = Release|x64
		{C174F23D-3055-49BC-B6B0-563011AF624D}.Release|x64.Build.0 = Release|x64
		{C174F23D-3055-49BC-B6B0-563011AF624D}.Release|x86.ActiveCfg = Release|Win32
		{C174F23D-3055-49BC-B6B0-563011AF624D}.Release|x86.Build.0 = Release|Win32
		{22C920A9-2352-4DC9-91E2-035EBD712866}.Debug|Any CPU.ActiveCfg = Debug
		{22C920A9-2352-4DC9-91E2-035EBD712866}.Debug|x64.ActiveCfg = Debug
		{22C920A9-2352-4DC9-91E2-035EBD712866}.Debug|x86.ActiveCfg = Debug
		{22C920A9-2352-4DC9-91E2-035EBD712866}.Release|Any CPU.ActiveCfg = Release
		{22C920A9-2352-4DC9-91E2-035EBD712866}.Release|x64.ActiveCfg = Release
		{22C920A9-2352-4DC9-91E2-035EBD712866}.Release|x86.ActiveCfg = Release
		{A76579E5-AA8D-45A3-99E1-239A5C030A78}.Debug|Any CPU.ActiveCfg = Debug|Any CPU
		{A76579E5-AA8D-45A3-99E1-239A5C030A78}.Debug|Any CPU.Build.0 = Debug|Any CPU
		{A76579E5-AA8D-45A3-99E1-239A5C030A78}.Debug|x64.ActiveCfg = Debug|Any CPU
		{A76579E5-AA8D-45A3-99E1-239A5C030A78}.Debug|x64.Build.0 = Debug|Any CPU
		{A76579E5-AA8D-45A3-99E1-239A5C030A78}.Debug|x86.ActiveCfg = Debug|Any CPU
		{A76579E5-AA8D-45A3-99E1-239A5C030A78}.Debug|x86.Build.0 = Debug|Any CPU
		{A76579E5-AA8D-45A3-99E1-239A5C030A78}.Release|Any CPU.ActiveCfg = Release|Any CPU
		{A76579E5-AA8D-45A3-99E1-239A5C030A78}.Release|Any CPU.Build.0 = Release|Any CPU
		{A76579E5-AA8D-45A3-99E1-239A5C030A78}.Release|x64.ActiveCfg = Release|Any CPU
		{A76579E5-AA8D-45A3-99E1-239A5C030A78}.Release|x64.Build.0 = Release|Any CPU
		{A76579E5-AA8D-45A3-99E1-239A5C030A78}.Release|x86.ActiveCfg = Release|Any CPU
		{A76579E5-AA8D-45A3-99E1-239A5C030A78}.Release|x86.Build.0 = Release|Any CPU
		{7EE64074-8CDB-4448-B40C-81B75D6B31CD}.Debug|Any CPU.ActiveCfg = Debug|Any CPU
		{7EE64074-8CDB-4448-B40C-81B75D6B31CD}.Debug|Any CPU.Build.0 = Debug|Any CPU
		{7EE64074-8CDB-4448-B40C-81B75D6B31CD}.Debug|x64.ActiveCfg = Debug|Any CPU
		{7EE64074-8CDB-4448-B40C-81B75D6B31CD}.Debug|x64.Build.0 = Debug|Any CPU
		{7EE64074-8CDB-4448-B40C-81B75D6B31CD}.Debug|x86.ActiveCfg = Debug|x86
		{7EE64074-8CDB-4448-B40C-81B75D6B31CD}.Debug|x86.Build.0 = Debug|x86
		{7EE64074-8CDB-4448-B40C-81B75D6B31CD}.Release|Any CPU.ActiveCfg = Release|Any CPU
		{7EE64074-8CDB-4448-B40C-81B75D6B31CD}.Release|Any CPU.Build.0 = Release|Any CPU
		{7EE64074-8CDB-4448-B40C-81B75D6B31CD}.Release|x64.ActiveCfg = Release|Any CPU
		{7EE64074-8CDB-4448-B40C-81B75D6B31CD}.Release|x64.Build.0 = Release|Any CPU
		{7EE64074-8CDB-4448-B40C-81B75D6B31CD}.Release|x86.ActiveCfg = Release|x86
		{7EE64074-8CDB-4448-B40C-81B75D6B31CD}.Release|x86.Build.0 = Release|x86
		{AE897704-461D-4018-8336-2517988BF7AD}.Debug|Any CPU.ActiveCfg = Debug|Any CPU
		{AE897704-461D-4018-8336-2517988BF7AD}.Debug|Any CPU.Build.0 = Debug|Any CPU
		{AE897704-461D-4018-8336-2517988BF7AD}.Debug|x64.ActiveCfg = Debug|Any CPU
		{AE897704-461D-4018-8336-2517988BF7AD}.Debug|x64.Build.0 = Debug|Any CPU
		{AE897704-461D-4018-8336-2517988BF7AD}.Debug|x86.ActiveCfg = Debug|Any CPU
		{AE897704-461D-4018-8336-2517988BF7AD}.Debug|x86.Build.0 = Debug|Any CPU
		{AE897704-461D-4018-8336-2517988BF7AD}.Release|Any CPU.ActiveCfg = Release|Any CPU
		{AE897704-461D-4018-8336-2517988BF7AD}.Release|Any CPU.Build.0 = Release|Any CPU
		{AE897704-461D-4018-8336-2517988BF7AD}.Release|x64.ActiveCfg = Release|Any CPU
		{AE897704-461D-4018-8336-2517988BF7AD}.Release|x64.Build.0 = Release|Any CPU
		{AE897704-461D-4018-8336-2517988BF7AD}.Release|x86.ActiveCfg = Release|Any CPU
		{AE897704-461D-4018-8336-2517988BF7AD}.Release|x86.Build.0 = Release|Any CPU
		{84A9ED37-E6EA-4CBD-B995-B713F46EAAB0}.Debug|Any CPU.ActiveCfg = Debug|Any CPU
		{84A9ED37-E6EA-4CBD-B995-B713F46EAAB0}.Debug|Any CPU.Build.0 = Debug|Any CPU
		{84A9ED37-E6EA-4CBD-B995-B713F46EAAB0}.Debug|x64.ActiveCfg = Debug|Any CPU
		{84A9ED37-E6EA-4CBD-B995-B713F46EAAB0}.Debug|x64.Build.0 = Debug|Any CPU
		{84A9ED37-E6EA-4CBD-B995-B713F46EAAB0}.Debug|x86.ActiveCfg = Debug|Any CPU
		{84A9ED37-E6EA-4CBD-B995-B713F46EAAB0}.Debug|x86.Build.0 = Debug|Any CPU
		{84A9ED37-E6EA-4CBD-B995-B713F46EAAB0}.Release|Any CPU.ActiveCfg = Release|Any CPU
		{84A9ED37-E6EA-4CBD-B995-B713F46EAAB0}.Release|Any CPU.Build.0 = Release|Any CPU
		{84A9ED37-E6EA-4CBD-B995-B713F46EAAB0}.Release|x64.ActiveCfg = Release|Any CPU
		{84A9ED37-E6EA-4CBD-B995-B713F46EAAB0}.Release|x64.Build.0 = Release|Any CPU
		{84A9ED37-E6EA-4CBD-B995-B713F46EAAB0}.Release|x86.ActiveCfg = Release|Any CPU
		{84A9ED37-E6EA-4CBD-B995-B713F46EAAB0}.Release|x86.Build.0 = Release|Any CPU
	EndGlobalSection
	GlobalSection(SolutionProperties) = preSolution
		HideSolutionNode = FALSE
	EndGlobalSection
EndGlobal
