
Microsoft Visual Studio Solution File, Format Version 12.00
# Visual Studio 2012
Project("{FAE04EC0-301F-11D3-BF4B-00C04F79EFBC}") = "SharpDisplayManager", "Server\SharpDisplayManager.csproj", "{1DA8C1B3-18C5-4E74-BE4E-0B0E15FBAF49}"
EndProject
Project("{FAE04EC0-301F-11D3-BF4B-00C04F79EFBC}") = "SharpDisplayClient", "Client\SharpDisplayClient.csproj", "{7EE64074-8CDB-4448-B40C-81B75D6B31CD}"
EndProject
Project("{FAE04EC0-301F-11D3-BF4B-00C04F79EFBC}") = "SharpDisplayInterface", "Interface\SharpDisplayInterface.csproj", "{88EEE0DC-ABBC-4738-BAD6-7E08CF7F50F9}"
EndProject
Global
	GlobalSection(SolutionConfigurationPlatforms) = preSolution
		Debug|Any CPU = Debug|Any CPU
		Release|Any CPU = Release|Any CPU
	EndGlobalSection
	GlobalSection(ProjectConfigurationPlatforms) = postSolution
		{1DA8C1B3-18C5-4E74-BE4E-0B0E15FBAF49}.Debug|Any CPU.ActiveCfg = Debug|Any CPU
		{1DA8C1B3-18C5-4E74-BE4E-0B0E15FBAF49}.Debug|Any CPU.Build.0 = Debug|Any CPU
		{1DA8C1B3-18C5-4E74-BE4E-0B0E15FBAF49}.Release|Any CPU.ActiveCfg = Release|Any CPU
		{1DA8C1B3-18C5-4E74-BE4E-0B0E15FBAF49}.Release|Any CPU.Build.0 = Release|Any CPU
		{7EE64074-8CDB-4448-B40C-81B75D6B31CD}.Debug|Any CPU.ActiveCfg = Debug|Any CPU
		{7EE64074-8CDB-4448-B40C-81B75D6B31CD}.Debug|Any CPU.Build.0 = Debug|Any CPU
		{7EE64074-8CDB-4448-B40C-81B75D6B31CD}.Release|Any CPU.ActiveCfg = Release|Any CPU
		{7EE64074-8CDB-4448-B40C-81B75D6B31CD}.Release|Any CPU.Build.0 = Release|Any CPU
		{88EEE0DC-ABBC-4738-BAD6-7E08CF7F50F9}.Debug|Any CPU.ActiveCfg = Debug|Any CPU
		{88EEE0DC-ABBC-4738-BAD6-7E08CF7F50F9}.Debug|Any CPU.Build.0 = Debug|Any CPU
		{88EEE0DC-ABBC-4738-BAD6-7E08CF7F50F9}.Release|Any CPU.ActiveCfg = Release|Any CPU
		{88EEE0DC-ABBC-4738-BAD6-7E08CF7F50F9}.Release|Any CPU.Build.0 = Release|Any CPU
	EndGlobalSection
	GlobalSection(SolutionProperties) = preSolution
		HideSolutionNode = FALSE
	EndGlobalSection
EndGlobal
